
Microsoft Visual Studio Solution File, Format Version 12.00
# Visual Studio 15
VisualStudioVersion = 15.0.26124.0
MinimumVisualStudioVersion = 15.0.26124.0
Project("{FAE04EC0-301F-11D3-BF4B-00C04F79EFBC}") = "Recursio", "Recursio\Recursio.csproj", "{7A7B226F-602E-4896-BFFA-DB99E0EDCAD3}"
EndProject
Project("{FAE04EC0-301F-11D3-BF4B-00C04F79EFBC}") = "Recursio.Tests", "Recursio.Tests\Recursio.Tests.csproj", "{72AE6114-EE4F-49DF-8DE0-28126E4B4BD7}"
EndProject
Project("{FAE04EC0-301F-11D3-BF4B-00C04F79EFBC}") = "Benchmark", "Benchmark\Benchmark.csproj", "{8338AB10-2B35-44CD-A5AB-B0F2C02B6971}"
EndProject
Project("{FAE04EC0-301F-11D3-BF4B-00C04F79EFBC}") = "Sorting", "Sorting\Sorting.csproj", "{81E14D18-4CA1-4487-9820-4D644E0EE24F}"
EndProject
Project("{FAE04EC0-301F-11D3-BF4B-00C04F79EFBC}") = "Sorting.Tests", "Sorting.Tests\Sorting.Tests.csproj", "{C940EB1E-2F5A-474D-B814-C675E62CFE7F}"
EndProject
Project("{FAE04EC0-301F-11D3-BF4B-00C04F79EFBC}") = "Extensions", "Extensions\Extensions.csproj", "{2CA304C4-7F51-488D-B430-EAEDE27AE20E}"
EndProject
Project("{FAE04EC0-301F-11D3-BF4B-00C04F79EFBC}") = "Extensions.Tests", "Extensions.Tests\Extensions.Tests.csproj", "{D95BDC47-A5B4-472A-B81C-9151E205804F}"
EndProject
Project("{FAE04EC0-301F-11D3-BF4B-00C04F79EFBC}") = "Matrixing", "Matrixing\Matrixing.csproj", "{CF5B62B3-0376-4E05-8B12-CC29CCC5DBEB}"
EndProject
Project("{FAE04EC0-301F-11D3-BF4B-00C04F79EFBC}") = "Matrixing.Tests", "Matrixing.Tests\Matrixing.Tests.csproj", "{07282193-83B8-463A-B69F-3A7A1422B007}"
EndProject
Global
	GlobalSection(SolutionConfigurationPlatforms) = preSolution
		Debug|Any CPU = Debug|Any CPU
		Debug|x64 = Debug|x64
		Debug|x86 = Debug|x86
		Release|Any CPU = Release|Any CPU
		Release|x64 = Release|x64
		Release|x86 = Release|x86
	EndGlobalSection
	GlobalSection(SolutionProperties) = preSolution
		HideSolutionNode = FALSE
	EndGlobalSection
	GlobalSection(ProjectConfigurationPlatforms) = postSolution
		{7A7B226F-602E-4896-BFFA-DB99E0EDCAD3}.Debug|Any CPU.ActiveCfg = Debug|Any CPU
		{7A7B226F-602E-4896-BFFA-DB99E0EDCAD3}.Debug|Any CPU.Build.0 = Debug|Any CPU
		{7A7B226F-602E-4896-BFFA-DB99E0EDCAD3}.Debug|x64.ActiveCfg = Debug|Any CPU
		{7A7B226F-602E-4896-BFFA-DB99E0EDCAD3}.Debug|x64.Build.0 = Debug|Any CPU
		{7A7B226F-602E-4896-BFFA-DB99E0EDCAD3}.Debug|x86.ActiveCfg = Debug|Any CPU
		{7A7B226F-602E-4896-BFFA-DB99E0EDCAD3}.Debug|x86.Build.0 = Debug|Any CPU
		{7A7B226F-602E-4896-BFFA-DB99E0EDCAD3}.Release|Any CPU.ActiveCfg = Release|Any CPU
		{7A7B226F-602E-4896-BFFA-DB99E0EDCAD3}.Release|Any CPU.Build.0 = Release|Any CPU
		{7A7B226F-602E-4896-BFFA-DB99E0EDCAD3}.Release|x64.ActiveCfg = Release|Any CPU
		{7A7B226F-602E-4896-BFFA-DB99E0EDCAD3}.Release|x64.Build.0 = Release|Any CPU
		{7A7B226F-602E-4896-BFFA-DB99E0EDCAD3}.Release|x86.ActiveCfg = Release|Any CPU
		{7A7B226F-602E-4896-BFFA-DB99E0EDCAD3}.Release|x86.Build.0 = Release|Any CPU
		{72AE6114-EE4F-49DF-8DE0-28126E4B4BD7}.Debug|Any CPU.ActiveCfg = Debug|Any CPU
		{72AE6114-EE4F-49DF-8DE0-28126E4B4BD7}.Debug|Any CPU.Build.0 = Debug|Any CPU
		{72AE6114-EE4F-49DF-8DE0-28126E4B4BD7}.Debug|x64.ActiveCfg = Debug|Any CPU
		{72AE6114-EE4F-49DF-8DE0-28126E4B4BD7}.Debug|x64.Build.0 = Debug|Any CPU
		{72AE6114-EE4F-49DF-8DE0-28126E4B4BD7}.Debug|x86.ActiveCfg = Debug|Any CPU
		{72AE6114-EE4F-49DF-8DE0-28126E4B4BD7}.Debug|x86.Build.0 = Debug|Any CPU
		{72AE6114-EE4F-49DF-8DE0-28126E4B4BD7}.Release|Any CPU.ActiveCfg = Release|Any CPU
		{72AE6114-EE4F-49DF-8DE0-28126E4B4BD7}.Release|Any CPU.Build.0 = Release|Any CPU
		{72AE6114-EE4F-49DF-8DE0-28126E4B4BD7}.Release|x64.ActiveCfg = Release|Any CPU
		{72AE6114-EE4F-49DF-8DE0-28126E4B4BD7}.Release|x64.Build.0 = Release|Any CPU
		{72AE6114-EE4F-49DF-8DE0-28126E4B4BD7}.Release|x86.ActiveCfg = Release|Any CPU
		{72AE6114-EE4F-49DF-8DE0-28126E4B4BD7}.Release|x86.Build.0 = Release|Any CPU
		{8338AB10-2B35-44CD-A5AB-B0F2C02B6971}.Debug|Any CPU.ActiveCfg = Debug|Any CPU
		{8338AB10-2B35-44CD-A5AB-B0F2C02B6971}.Debug|Any CPU.Build.0 = Debug|Any CPU
		{8338AB10-2B35-44CD-A5AB-B0F2C02B6971}.Debug|x64.ActiveCfg = Debug|Any CPU
		{8338AB10-2B35-44CD-A5AB-B0F2C02B6971}.Debug|x64.Build.0 = Debug|Any CPU
		{8338AB10-2B35-44CD-A5AB-B0F2C02B6971}.Debug|x86.ActiveCfg = Debug|Any CPU
		{8338AB10-2B35-44CD-A5AB-B0F2C02B6971}.Debug|x86.Build.0 = Debug|Any CPU
		{8338AB10-2B35-44CD-A5AB-B0F2C02B6971}.Release|Any CPU.ActiveCfg = Release|Any CPU
		{8338AB10-2B35-44CD-A5AB-B0F2C02B6971}.Release|Any CPU.Build.0 = Release|Any CPU
		{8338AB10-2B35-44CD-A5AB-B0F2C02B6971}.Release|x64.ActiveCfg = Release|Any CPU
		{8338AB10-2B35-44CD-A5AB-B0F2C02B6971}.Release|x64.Build.0 = Release|Any CPU
		{8338AB10-2B35-44CD-A5AB-B0F2C02B6971}.Release|x86.ActiveCfg = Release|Any CPU
		{8338AB10-2B35-44CD-A5AB-B0F2C02B6971}.Release|x86.Build.0 = Release|Any CPU
		{81E14D18-4CA1-4487-9820-4D644E0EE24F}.Debug|Any CPU.ActiveCfg = Debug|Any CPU
		{81E14D18-4CA1-4487-9820-4D644E0EE24F}.Debug|Any CPU.Build.0 = Debug|Any CPU
		{81E14D18-4CA1-4487-9820-4D644E0EE24F}.Debug|x64.ActiveCfg = Debug|Any CPU
		{81E14D18-4CA1-4487-9820-4D644E0EE24F}.Debug|x64.Build.0 = Debug|Any CPU
		{81E14D18-4CA1-4487-9820-4D644E0EE24F}.Debug|x86.ActiveCfg = Debug|Any CPU
		{81E14D18-4CA1-4487-9820-4D644E0EE24F}.Debug|x86.Build.0 = Debug|Any CPU
		{81E14D18-4CA1-4487-9820-4D644E0EE24F}.Release|Any CPU.ActiveCfg = Release|Any CPU
		{81E14D18-4CA1-4487-9820-4D644E0EE24F}.Release|Any CPU.Build.0 = Release|Any CPU
		{81E14D18-4CA1-4487-9820-4D644E0EE24F}.Release|x64.ActiveCfg = Release|Any CPU
		{81E14D18-4CA1-4487-9820-4D644E0EE24F}.Release|x64.Build.0 = Release|Any CPU
		{81E14D18-4CA1-4487-9820-4D644E0EE24F}.Release|x86.ActiveCfg = Release|Any CPU
		{81E14D18-4CA1-4487-9820-4D644E0EE24F}.Release|x86.Build.0 = Release|Any CPU
		{C940EB1E-2F5A-474D-B814-C675E62CFE7F}.Debug|Any CPU.ActiveCfg = Debug|Any CPU
		{C940EB1E-2F5A-474D-B814-C675E62CFE7F}.Debug|Any CPU.Build.0 = Debug|Any CPU
		{C940EB1E-2F5A-474D-B814-C675E62CFE7F}.Debug|x64.ActiveCfg = Debug|Any CPU
		{C940EB1E-2F5A-474D-B814-C675E62CFE7F}.Debug|x64.Build.0 = Debug|Any CPU
		{C940EB1E-2F5A-474D-B814-C675E62CFE7F}.Debug|x86.ActiveCfg = Debug|Any CPU
		{C940EB1E-2F5A-474D-B814-C675E62CFE7F}.Debug|x86.Build.0 = Debug|Any CPU
		{C940EB1E-2F5A-474D-B814-C675E62CFE7F}.Release|Any CPU.ActiveCfg = Release|Any CPU
		{C940EB1E-2F5A-474D-B814-C675E62CFE7F}.Release|Any CPU.Build.0 = Release|Any CPU
		{C940EB1E-2F5A-474D-B814-C675E62CFE7F}.Release|x64.ActiveCfg = Release|Any CPU
		{C940EB1E-2F5A-474D-B814-C675E62CFE7F}.Release|x64.Build.0 = Release|Any CPU
		{C940EB1E-2F5A-474D-B814-C675E62CFE7F}.Release|x86.ActiveCfg = Release|Any CPU
		{C940EB1E-2F5A-474D-B814-C675E62CFE7F}.Release|x86.Build.0 = Release|Any CPU
		{2CA304C4-7F51-488D-B430-EAEDE27AE20E}.Debug|Any CPU.ActiveCfg = Debug|Any CPU
		{2CA304C4-7F51-488D-B430-EAEDE27AE20E}.Debug|Any CPU.Build.0 = Debug|Any CPU
		{2CA304C4-7F51-488D-B430-EAEDE27AE20E}.Debug|x64.ActiveCfg = Debug|Any CPU
		{2CA304C4-7F51-488D-B430-EAEDE27AE20E}.Debug|x64.Build.0 = Debug|Any CPU
		{2CA304C4-7F51-488D-B430-EAEDE27AE20E}.Debug|x86.ActiveCfg = Debug|Any CPU
		{2CA304C4-7F51-488D-B430-EAEDE27AE20E}.Debug|x86.Build.0 = Debug|Any CPU
		{2CA304C4-7F51-488D-B430-EAEDE27AE20E}.Release|Any CPU.ActiveCfg = Release|Any CPU
		{2CA304C4-7F51-488D-B430-EAEDE27AE20E}.Release|Any CPU.Build.0 = Release|Any CPU
		{2CA304C4-7F51-488D-B430-EAEDE27AE20E}.Release|x64.ActiveCfg = Release|Any CPU
		{2CA304C4-7F51-488D-B430-EAEDE27AE20E}.Release|x64.Build.0 = Release|Any CPU
		{2CA304C4-7F51-488D-B430-EAEDE27AE20E}.Release|x86.ActiveCfg = Release|Any CPU
		{2CA304C4-7F51-488D-B430-EAEDE27AE20E}.Release|x86.Build.0 = Release|Any CPU
		{D95BDC47-A5B4-472A-B81C-9151E205804F}.Debug|Any CPU.ActiveCfg = Debug|Any CPU
		{D95BDC47-A5B4-472A-B81C-9151E205804F}.Debug|Any CPU.Build.0 = Debug|Any CPU
		{D95BDC47-A5B4-472A-B81C-9151E205804F}.Debug|x64.ActiveCfg = Debug|Any CPU
		{D95BDC47-A5B4-472A-B81C-9151E205804F}.Debug|x64.Build.0 = Debug|Any CPU
		{D95BDC47-A5B4-472A-B81C-9151E205804F}.Debug|x86.ActiveCfg = Debug|Any CPU
		{D95BDC47-A5B4-472A-B81C-9151E205804F}.Debug|x86.Build.0 = Debug|Any CPU
		{D95BDC47-A5B4-472A-B81C-9151E205804F}.Release|Any CPU.ActiveCfg = Release|Any CPU
		{D95BDC47-A5B4-472A-B81C-9151E205804F}.Release|Any CPU.Build.0 = Release|Any CPU
		{D95BDC47-A5B4-472A-B81C-9151E205804F}.Release|x64.ActiveCfg = Release|Any CPU
		{D95BDC47-A5B4-472A-B81C-9151E205804F}.Release|x64.Build.0 = Release|Any CPU
		{D95BDC47-A5B4-472A-B81C-9151E205804F}.Release|x86.ActiveCfg = Release|Any CPU
		{D95BDC47-A5B4-472A-B81C-9151E205804F}.Release|x86.Build.0 = Release|Any CPU
		{CF5B62B3-0376-4E05-8B12-CC29CCC5DBEB}.Debug|Any CPU.ActiveCfg = Debug|Any CPU
		{CF5B62B3-0376-4E05-8B12-CC29CCC5DBEB}.Debug|Any CPU.Build.0 = Debug|Any CPU
		{CF5B62B3-0376-4E05-8B12-CC29CCC5DBEB}.Debug|x64.ActiveCfg = Debug|Any CPU
		{CF5B62B3-0376-4E05-8B12-CC29CCC5DBEB}.Debug|x64.Build.0 = Debug|Any CPU
		{CF5B62B3-0376-4E05-8B12-CC29CCC5DBEB}.Debug|x86.ActiveCfg = Debug|Any CPU
		{CF5B62B3-0376-4E05-8B12-CC29CCC5DBEB}.Debug|x86.Build.0 = Debug|Any CPU
		{CF5B62B3-0376-4E05-8B12-CC29CCC5DBEB}.Release|Any CPU.ActiveCfg = Release|Any CPU
		{CF5B62B3-0376-4E05-8B12-CC29CCC5DBEB}.Release|Any CPU.Build.0 = Release|Any CPU
		{CF5B62B3-0376-4E05-8B12-CC29CCC5DBEB}.Release|x64.ActiveCfg = Release|Any CPU
		{CF5B62B3-0376-4E05-8B12-CC29CCC5DBEB}.Release|x64.Build.0 = Release|Any CPU
		{CF5B62B3-0376-4E05-8B12-CC29CCC5DBEB}.Release|x86.ActiveCfg = Release|Any CPU
		{CF5B62B3-0376-4E05-8B12-CC29CCC5DBEB}.Release|x86.Build.0 = Release|Any CPU
		{07282193-83B8-463A-B69F-3A7A1422B007}.Debug|Any CPU.ActiveCfg = Debug|Any CPU
		{07282193-83B8-463A-B69F-3A7A1422B007}.Debug|Any CPU.Build.0 = Debug|Any CPU
		{07282193-83B8-463A-B69F-3A7A1422B007}.Debug|x64.ActiveCfg = Debug|Any CPU
		{07282193-83B8-463A-B69F-3A7A1422B007}.Debug|x64.Build.0 = Debug|Any CPU
		{07282193-83B8-463A-B69F-3A7A1422B007}.Debug|x86.ActiveCfg = Debug|Any CPU
		{07282193-83B8-463A-B69F-3A7A1422B007}.Debug|x86.Build.0 = Debug|Any CPU
		{07282193-83B8-463A-B69F-3A7A1422B007}.Release|Any CPU.ActiveCfg = Release|Any CPU
		{07282193-83B8-463A-B69F-3A7A1422B007}.Release|Any CPU.Build.0 = Release|Any CPU
		{07282193-83B8-463A-B69F-3A7A1422B007}.Release|x64.ActiveCfg = Release|Any CPU
		{07282193-83B8-463A-B69F-3A7A1422B007}.Release|x64.Build.0 = Release|Any CPU
		{07282193-83B8-463A-B69F-3A7A1422B007}.Release|x86.ActiveCfg = Release|Any CPU
		{07282193-83B8-463A-B69F-3A7A1422B007}.Release|x86.Build.0 = Release|Any CPU
	EndGlobalSection
EndGlobal
